{
  "name": "nuevue-monorepo",
  "version": "0.0.1",
  "lockfileVersion": 3,
  "requires": true,
  "packages": {
    "": {
      "name": "nuevue-monorepo",
      "version": "0.0.1",
      "workspaces": [
        "apps/*",
        "services/*",
        "packages/*"
      ],
      "engines": {
        "node": ">=20"
      }
    },
    "apps/bridge-cli": {
      "name": "@nuevue/apps-bridge-cli",
      "version": "0.0.1"
    },
    "apps/mobile-pwa": {
      "name": "@nuevue/apps-mobile-pwa",
      "version": "0.0.1"
    },
    "apps/relay-registry": {
      "name": "@nuevue/apps-relay-registry",
      "version": "0.0.1"
    },
    "apps/relay-worker": {
      "name": "@nuevue/apps-relay-worker",
      "version": "0.0.1"
    },
    "apps/web": {
      "name": "@nuevue/apps-web",
      "version": "0.0.1"
    },
    "node_modules/@nuevue/apps-bridge-cli": {
      "resolved": "apps/bridge-cli",
      "link": true
    },
    "node_modules/@nuevue/apps-mobile-pwa": {
      "resolved": "apps/mobile-pwa",
      "link": true
    },
    "node_modules/@nuevue/apps-relay-registry": {
      "resolved": "apps/relay-registry",
      "link": true
    },
    "node_modules/@nuevue/apps-relay-worker": {
      "resolved": "apps/relay-worker",
      "link": true
    },
    "node_modules/@nuevue/apps-web": {
      "resolved": "apps/web",
      "link": true
    },
    "node_modules/@nuevue/packages-personas": {
      "resolved": "packages/personas",
      "link": true
    },
    "node_modules/@nuevue/packages-protocols": {
      "resolved": "packages/protocols",
      "link": true
    },
    "node_modules/@nuevue/packages-rag-core": {
      "resolved": "packages/rag-core",
      "link": true
    },
    "node_modules/@nuevue/packages-shared-types": {
      "resolved": "packages/shared-types",
      "link": true
    },
    "node_modules/@nuevue/packages-visualizations": {
      "resolved": "packages/visualizations",
      "link": true
    },
    "node_modules/@nuevue/services-agent-router": {
      "resolved": "services/agent-router",
      "link": true
    },
    "node_modules/@nuevue/services-api": {
      "resolved": "services/api",
      "link": true
    },
    "node_modules/@nuevue/services-broker": {
      "resolved": "services/broker",
      "link": true
    },
    "node_modules/@nuevue/services-discord-logger": {
      "resolved": "services/discord-logger",
      "link": true
    },
    "node_modules/@nuevue/services-telegram-bot": {
      "resolved": "services/telegram-bot",
      "link": true
    },
    "packages/personas": {
      "name": "@nuevue/packages-personas",
      "version": "0.0.1"
    },
    "packages/protocols": {
      "name": "@nuevue/packages-protocols",
      "version": "0.0.1"
    },
    "packages/rag-core": {
      "name": "@nuevue/packages-rag-core",
      "version": "0.0.1"
    },
    "packages/shared-types": {
      "name": "@nuevue/packages-shared-types",
      "version": "0.0.1"
    },
    "packages/visualizations": {
      "name": "@nuevue/packages-visualizations",
      "version": "0.0.1"
    },
    "services/agent-router": {
      "name": "@nuevue/services-agent-router",
      "version": "0.0.1"
    },
    "services/api": {
      "name": "@nuevue/services-api",
      "version": "0.0.1"
    },
    "services/broker": {
      "name": "@nuevue/services-broker",
      "version": "0.0.1"
    },
    "services/discord-logger": {
      "name": "@nuevue/services-discord-logger",
      "version": "0.0.1"
    },
    "services/telegram-bot": {
      "name": "@nuevue/services-telegram-bot",
      "version": "0.0.1"
    }
  }
}
